// !$*UTF8*$!
{
	archiveVersion = 1;
	classes = {
	};
	objectVersion = 46;
	objects = {

/* Begin PBXBuildFile section */
		4F23F1091C9A82A7002DF03F /* main.m in Sources */ = {isa = PBXBuildFile; fileRef = 4F23F1081C9A82A7002DF03F /* main.m */; };
		4F23F10C1C9A82A7002DF03F /* AppDelegate.m in Sources */ = {isa = PBXBuildFile; fileRef = 4F23F10B1C9A82A7002DF03F /* AppDelegate.m */; };
		4F23F10F1C9A82A7002DF03F /* ViewController.m in Sources */ = {isa = PBXBuildFile; fileRef = 4F23F10E1C9A82A7002DF03F /* ViewController.m */; };
		4F23F1121C9A82A7002DF03F /* Main.storyboard in Resources */ = {isa = PBXBuildFile; fileRef = 4F23F1101C9A82A7002DF03F /* Main.storyboard */; };
		4F23F1141C9A82A7002DF03F /* Assets.xcassets in Resources */ = {isa = PBXBuildFile; fileRef = 4F23F1131C9A82A7002DF03F /* Assets.xcassets */; };
		4F23F1171C9A82A7002DF03F /* LaunchScreen.storyboard in Resources */ = {isa = PBXBuildFile; fileRef = 4F23F1151C9A82A7002DF03F /* LaunchScreen.storyboard */; };
		4F23F1221C9A82A7002DF03F /* WKWebviewDemo_OC_Tests.m in Sources */ = {isa = PBXBuildFile; fileRef = 4F23F1211C9A82A7002DF03F /* WKWebviewDemo_OC_Tests.m */; };
		4F23F12D1C9A82A7002DF03F /* WKWebviewDemo_OC_UITests.m in Sources */ = {isa = PBXBuildFile; fileRef = 4F23F12C1C9A82A7002DF03F /* WKWebviewDemo_OC_UITests.m */; };
/* End PBXBuildFile section */

/* Begin PBXContainerItemProxy section */
		4F23F11E1C9A82A7002DF03F /* PBXContainerItemProxy */ = {
			isa = PBXContainerItemProxy;
			containerPortal = 4F23F0FC1C9A82A7002DF03F /* Project object */;
			proxyType = 1;
			remoteGlobalIDString = 4F23F1031C9A82A7002DF03F;
			remoteInfo = "WKWebviewDemo(OC)";
		};
		4F23F1291C9A82A7002DF03F /* PBXContainerItemProxy */ = {
			isa = PBXContainerItemProxy;
			containerPortal = 4F23F0FC1C9A82A7002DF03F /* Project object */;
			proxyType = 1;
			remoteGlobalIDString = 4F23F1031C9A82A7002DF03F;
			remoteInfo = "WKWebviewDemo(OC)";
		};
/* End PBXContainerItemProxy section */

/* Begin PBXFileReference section */
		4F23F1041C9A82A7002DF03F /* WKWebviewDemo(OC).app */ = {isa = PBXFileReference; explicitFileType = wrapper.application; includeInIndex = 0; path = "WKWebviewDemo(OC).app"; sourceTree = BUILT_PRODUCTS_DIR; };
		4F23F1081C9A82A7002DF03F /* main.m */ = {isa = PBXFileReference; lastKnownFileType = sourcecode.c.objc; path = main.m; sourceTree = "<group>"; };
		4F23F10A1C9A82A7002DF03F /* AppDelegate.h */ = {isa = PBXFileReference; lastKnownFileType = sourcecode.c.h; path = AppDelegate.h; sourceTree = "<group>"; };
		4F23F10B1C9A82A7002DF03F /* AppDelegate.m */ = {isa = PBXFileReference; lastKnownFileType = sourcecode.c.objc; path = AppDelegate.m; sourceTree = "<group>"; };
		4F23F10D1C9A82A7002DF03F /* ViewController.h */ = {isa = PBXFileReference; lastKnownFileType = sourcecode.c.h; path = ViewController.h; sourceTree = "<group>"; };
		4F23F10E1C9A82A7002DF03F /* ViewController.m */ = {isa = PBXFileReference; lastKnownFileType = sourcecode.c.objc; path = ViewController.m; sourceTree = "<group>"; };
		4F23F1111C9A82A7002DF03F /* Base */ = {isa = PBXFileReference; lastKnownFileType = file.storyboard; name = Base; path = Base.lproj/Main.storyboard; sourceTree = "<group>"; };
		4F23F1131C9A82A7002DF03F /* Assets.xcassets */ = {isa = PBXFileReference; lastKnownFileType = folder.assetcatalog; path = Assets.xcassets; sourceTree = "<group>"; };
		4F23F1161C9A82A7002DF03F /* Base */ = {isa = PBXFileReference; lastKnownFileType = file.storyboard; name = Base; path = Base.lproj/LaunchScreen.storyboard; sourceTree = "<group>"; };
		4F23F1181C9A82A7002DF03F /* Info.plist */ = {isa = PBXFileReference; lastKnownFileType = text.plist.xml; path = Info.plist; sourceTree = "<group>"; };
		4F23F11D1C9A82A7002DF03F /* WKWebviewDemo(OC)Tests.xctest */ = {isa = PBXFileReference; explicitFileType = wrapper.cfbundle; includeInIndex = 0; path = "WKWebviewDemo(OC)Tests.xctest"; sourceTree = BUILT_PRODUCTS_DIR; };
		4F23F1211C9A82A7002DF03F /* WKWebviewDemo_OC_Tests.m */ = {isa = PBXFileReference; lastKnownFileType = sourcecode.c.objc; path = WKWebviewDemo_OC_Tests.m; sourceTree = "<group>"; };
		4F23F1231C9A82A7002DF03F /* Info.plist */ = {isa = PBXFileReference; lastKnownFileType = text.plist.xml; path = Info.plist; sourceTree = "<group>"; };
		4F23F1281C9A82A7002DF03F /* WKWebviewDemo(OC)UITests.xctest */ = {isa = PBXFileReference; explicitFileType = wrapper.cfbundle; includeInIndex = 0; path = "WKWebviewDemo(OC)UITests.xctest"; sourceTree = BUILT_PRODUCTS_DIR; };
		4F23F12C1C9A82A7002DF03F /* WKWebviewDemo_OC_UITests.m */ = {isa = PBXFileReference; lastKnownFileType = sourcecode.c.objc; path = WKWebviewDemo_OC_UITests.m; sourceTree = "<group>"; };
		4F23F12E1C9A82A7002DF03F /* Info.plist */ = {isa = PBXFileReference; lastKnownFileType = text.plist.xml; path = Info.plist; sourceTree = "<group>"; };
/* End PBXFileReference section */

/* Begin PBXFrameworksBuildPhase section */
		4F23F1011C9A82A7002DF03F /* Frameworks */ = {
			isa = PBXFrameworksBuildPhase;
			buildActionMask = 2147483647;
			files = (
			);
			runOnlyForDeploymentPostprocessing = 0;
		};
		4F23F11A1C9A82A7002DF03F /* Frameworks */ = {
			isa = PBXFrameworksBuildPhase;
			buildActionMask = 2147483647;
			files = (
			);
			runOnlyForDeploymentPostprocessing = 0;
		};
		4F23F1251C9A82A7002DF03F /* Frameworks */ = {
			isa = PBXFrameworksBuildPhase;
			buildActionMask = 2147483647;
			files = (
			);
			runOnlyForDeploymentPostprocessing = 0;
		};
/* End PBXFrameworksBuildPhase section */

/* Begin PBXGroup section */
		4F23F0FB1C9A82A7002DF03F = {
			isa = PBXGroup;
			children = (
				4F23F1061C9A82A7002DF03F /* WKWebviewDemo(OC) */,
				4F23F1201C9A82A7002DF03F /* WKWebviewDemo(OC)Tests */,
				4F23F12B1C9A82A7002DF03F /* WKWebviewDemo(OC)UITests */,
				4F23F1051C9A82A7002DF03F /* Products */,
			);
			sourceTree = "<group>";
		};
		4F23F1051C9A82A7002DF03F /* Products */ = {
			isa = PBXGroup;
			children = (
				4F23F1041C9A82A7002DF03F /* WKWebviewDemo(OC).app */,
				4F23F11D1C9A82A7002DF03F /* WKWebviewDemo(OC)Tests.xctest */,
				4F23F1281C9A82A7002DF03F /* WKWebviewDemo(OC)UITests.xctest */,
			);
			name = Products;
			sourceTree = "<group>";
		};
		4F23F1061C9A82A7002DF03F /* WKWebviewDemo(OC) */ = {
			isa = PBXGroup;
			children = (
				4F23F10A1C9A82A7002DF03F /* AppDelegate.h */,
				4F23F10B1C9A82A7002DF03F /* AppDelegate.m */,
				4F23F10D1C9A82A7002DF03F /* ViewController.h */,
				4F23F10E1C9A82A7002DF03F /* ViewController.m */,
				4F23F1101C9A82A7002DF03F /* Main.storyboard */,
				4F23F1131C9A82A7002DF03F /* Assets.xcassets */,
				4F23F1151C9A82A7002DF03F /* LaunchScreen.storyboard */,
				4F23F1181C9A82A7002DF03F /* Info.plist */,
				4F23F1071C9A82A7002DF03F /* Supporting Files */,
			);
			path = "WKWebviewDemo(OC)";
			sourceTree = "<group>";
		};
		4F23F1071C9A82A7002DF03F /* Supporting Files */ = {
			isa = PBXGroup;
			children = (
				4F23F1081C9A82A7002DF03F /* main.m */,
			);
			name = "Supporting Files";
			sourceTree = "<group>";
		};
		4F23F1201C9A82A7002DF03F /* WKWebviewDemo(OC)Tests */ = {
			isa = PBXGroup;
			children = (
				4F23F1211C9A82A7002DF03F /* WKWebviewDemo_OC_Tests.m */,
				4F23F1231C9A82A7002DF03F /* Info.plist */,
			);
			path = "WKWebviewDemo(OC)Tests";
			sourceTree = "<group>";
		};
		4F23F12B1C9A82A7002DF03F /* WKWebviewDemo(OC)UITests */ = {
			isa = PBXGroup;
			children = (
				4F23F12C1C9A82A7002DF03F /* WKWebviewDemo_OC_UITests.m */,
				4F23F12E1C9A82A7002DF03F /* Info.plist */,
			);
			path = "WKWebviewDemo(OC)UITests";
			sourceTree = "<group>";
		};
/* End PBXGroup section */

/* Begin PBXNativeTarget section */
		4F23F1031C9A82A7002DF03F /* WKWebviewDemo(OC) */ = {
			isa = PBXNativeTarget;
			buildConfigurationList = 4F23F1311C9A82A7002DF03F /* Build configuration list for PBXNativeTarget "WKWebviewDemo(OC)" */;
			buildPhases = (
				4F23F1001C9A82A7002DF03F /* Sources */,
				4F23F1011C9A82A7002DF03F /* Frameworks */,
				4F23F1021C9A82A7002DF03F /* Resources */,
			);
			buildRules = (
			);
			dependencies = (
			);
			name = "WKWebviewDemo(OC)";
			productName = "WKWebviewDemo(OC)";
			productReference = 4F23F1041C9A82A7002DF03F /* WKWebviewDemo(OC).app */;
			productType = "com.apple.product-type.application";
		};
		4F23F11C1C9A82A7002DF03F /* WKWebviewDemo(OC)Tests */ = {
			isa = PBXNativeTarget;
			buildConfigurationList = 4F23F1341C9A82A7002DF03F /* Build configuration list for PBXNativeTarget "WKWebviewDemo(OC)Tests" */;
			buildPhases = (
				4F23F1191C9A82A7002DF03F /* Sources */,
				4F23F11A1C9A82A7002DF03F /* Frameworks */,
				4F23F11B1C9A82A7002DF03F /* Resources */,
			);
			buildRules = (
			);
			dependencies = (
				4F23F11F1C9A82A7002DF03F /* PBXTargetDependency */,
			);
			name = "WKWebviewDemo(OC)Tests";
			productName = "WKWebviewDemo(OC)Tests";
			productReference = 4F23F11D1C9A82A7002DF03F /* WKWebviewDemo(OC)Tests.xctest */;
			productType = "com.apple.product-type.bundle.unit-test";
		};
		4F23F1271C9A82A7002DF03F /* WKWebviewDemo(OC)UITests */ = {
			isa = PBXNativeTarget;
			buildConfigurationList = 4F23F1371C9A82A7002DF03F /* Build configuration list for PBXNativeTarget "WKWebviewDemo(OC)UITests" */;
			buildPhases = (
				4F23F1241C9A82A7002DF03F /* Sources */,
				4F23F1251C9A82A7002DF03F /* Frameworks */,
				4F23F1261C9A82A7002DF03F /* Resources */,
			);
			buildRules = (
			);
			dependencies = (
				4F23F12A1C9A82A7002DF03F /* PBXTargetDependency */,
			);
			name = "WKWebviewDemo(OC)UITests";
			productName = "WKWebviewDemo(OC)UITests";
			productReference = 4F23F1281C9A82A7002DF03F /* WKWebviewDemo(OC)UITests.xctest */;
			productType = "com.apple.product-type.bundle.ui-testing";
		};
/* End PBXNativeTarget section */

/* Begin PBXProject section */
		4F23F0FC1C9A82A7002DF03F /* Project object */ = {
			isa = PBXProject;
			attributes = {
				LastUpgradeCheck = 0720;
				ORGANIZATIONNAME = JASON;
				TargetAttributes = {
					4F23F1031C9A82A7002DF03F = {
						CreatedOnToolsVersion = 7.2;
					};
					4F23F11C1C9A82A7002DF03F = {
						CreatedOnToolsVersion = 7.2;
						TestTargetID = 4F23F1031C9A82A7002DF03F;
					};
					4F23F1271C9A82A7002DF03F = {
						CreatedOnToolsVersion = 7.2;
						TestTargetID = 4F23F1031C9A82A7002DF03F;
					};
				};
			};
			buildConfigurationList = 4F23F0FF1C9A82A7002DF03F /* Build configuration list for PBXProject "WKWebviewDemo(OC)" */;
			compatibilityVersion = "Xcode 3.2";
			developmentRegion = English;
			hasScannedForEncodings = 0;
			knownRegions = (
				en,
				Base,
			);
			mainGroup = 4F23F0FB1C9A82A7002DF03F;
			productRefGroup = 4F23F1051C9A82A7002DF03F /* Products */;
			projectDirPath = "";
			projectRoot = "";
			targets = (
				4F23F1031C9A82A7002DF03F /* WKWebviewDemo(OC) */,
				4F23F11C1C9A82A7002DF03F /* WKWebviewDemo(OC)Tests */,
				4F23F1271C9A82A7002DF03F /* WKWebviewDemo(OC)UITests */,
			);
		};
/* End PBXProject section */

/* Begin PBXResourcesBuildPhase section */
		4F23F1021C9A82A7002DF03F /* Resources */ = {
			isa = PBXResourcesBuildPhase;
			buildActionMask = 2147483647;
			files = (
				4F23F1171C9A82A7002DF03F /* LaunchScreen.storyboard in Resources */,
				4F23F1141C9A82A7002DF03F /* Assets.xcassets in Resources */,
				4F23F1121C9A82A7002DF03F /* Main.storyboard in Resources */,
			);
			runOnlyForDeploymentPostprocessing = 0;
		};
		4F23F11B1C9A82A7002DF03F /* Resources */ = {
			isa = PBXResourcesBuildPhase;
			buildActionMask = 2147483647;
			files = (
			);
			runOnlyForDeploymentPostprocessing = 0;
		};
		4F23F1261C9A82A7002DF03F /* Resources */ = {
			isa = PBXResourcesBuildPhase;
			buildActionMask = 2147483647;
			files = (
			);
			runOnlyForDeploymentPostprocessing = 0;
		};
/* End PBXResourcesBuildPhase section */

/* Begin PBXSourcesBuildPhase section */
		4F23F1001C9A82A7002DF03F /* Sources */ = {
			isa = PBXSourcesBuildPhase;
			buildActionMask = 2147483647;
			files = (
				4F23F10F1C9A82A7002DF03F /* ViewController.m in Sources */,
				4F23F10C1C9A82A7002DF03F /* AppDelegate.m in Sources */,
				4F23F1091C9A82A7002DF03F /* main.m in Sources */,
			);
			runOnlyForDeploymentPostprocessing = 0;
		};
		4F23F1191C9A82A7002DF03F /* Sources */ = {
			isa = PBXSourcesBuildPhase;
			buildActionMask = 2147483647;
			files = (
				4F23F1221C9A82A7002DF03F /* WKWebviewDemo_OC_Tests.m in Sources */,
			);
			runOnlyForDeploymentPostprocessing = 0;
		};
		4F23F1241C9A82A7002DF03F /* Sources */ = {
			isa = PBXSourcesBuildPhase;
			buildActionMask = 2147483647;
			files = (
				4F23F12D1C9A82A7002DF03F /* WKWebviewDemo_OC_UITests.m in Sources */,
			);
			runOnlyForDeploymentPostprocessing = 0;
		};
/* End PBXSourcesBuildPhase section */

/* Begin PBXTargetDependency section */
		4F23F11F1C9A82A7002DF03F /* PBXTargetDependency */ = {
			isa = PBXTargetDependency;
			target = 4F23F1031C9A82A7002DF03F /* WKWebviewDemo(OC) */;
			targetProxy = 4F23F11E1C9A82A7002DF03F /* PBXContainerItemProxy */;
		};
		4F23F12A1C9A82A7002DF03F /* PBXTargetDependency */ = {
			isa = PBXTargetDependency;
			target = 4F23F1031C9A82A7002DF03F /* WKWebviewDemo(OC) */;
			targetProxy = 4F23F1291C9A82A7002DF03F /* PBXContainerItemProxy */;
		};
/* End PBXTargetDependency section */

/* Begin PBXVariantGroup section */
		4F23F1101C9A82A7002DF03F /* Main.storyboard */ = {
			isa = PBXVariantGroup;
			children = (
				4F23F1111C9A82A7002DF03F /* Base */,
			);
			name = Main.storyboard;
			sourceTree = "<group>";
		};
		4F23F1151C9A82A7002DF03F /* LaunchScreen.storyboard */ = {
			isa = PBXVariantGroup;
			children = (
				4F23F1161C9A82A7002DF03F /* Base */,
			);
			name = LaunchScreen.storyboard;
			sourceTree = "<group>";
		};
/* End PBXVariantGroup section */

/* Begin XCBuildConfiguration section */
		4F23F12F1C9A82A7002DF03F /* Debug */ = {
			isa = XCBuildConfiguration;
			buildSettings = {
				ALWAYS_SEARCH_USER_PATHS = NO;
				CLANG_CXX_LANGUAGE_STANDARD = "gnu++0x";
				CLANG_CXX_LIBRARY = "libc++";
				CLANG_ENABLE_MODULES = YES;
				CLANG_ENABLE_OBJC_ARC = YES;
				CLANG_WARN_BOOL_CONVERSION = YES;
				CLANG_WARN_CONSTANT_CONVERSION = YES;
				CLANG_WARN_DIRECT_OBJC_ISA_USAGE = YES_ERROR;
				CLANG_WARN_EMPTY_BODY = YES;
				CLANG_WARN_ENUM_CONVERSION = YES;
				CLANG_WARN_INT_CONVERSION = YES;
				CLANG_WARN_OBJC_ROOT_CLASS = YES_ERROR;
				CLANG_WARN_UNREACHABLE_CODE = YES;
				CLANG_WARN__DUPLICATE_METHOD_MATCH = YES;
				"CODE_SIGN_IDENTITY[sdk=iphoneos*]" = "iPhone Developer";
				COPY_PHASE_STRIP = NO;
				DEBUG_INFORMATION_FORMAT = dwarf;
				ENABLE_STRICT_OBJC_MSGSEND = YES;
				ENABLE_TESTABILITY = YES;
				GCC_C_LANGUAGE_STANDARD = gnu99;
				GCC_DYNAMIC_NO_PIC = NO;
				GCC_NO_COMMON_BLOCKS = YES;
				GCC_OPTIMIZATION_LEVEL = 0;
				GCC_PREPROCESSOR_DEFINITIONS = (
					"DEBUG=1",
					"$(inherited)",
				);
				GCC_WARN_64_TO_32_BIT_CONVERSION = YES;
				GCC_WARN_ABOUT_RETURN_TYPE = YES_ERROR;
				GCC_WARN_UNDECLARED_SELECTOR = YES;
				GCC_WARN_UNINITIALIZED_AUTOS = YES_AGGRESSIVE;
				GCC_WARN_UNUSED_FUNCTION = YES;
				GCC_WARN_UNUSED_VARIABLE = YES;
				IPHONEOS_DEPLOYMENT_TARGET = 9.2;
				MTL_ENABLE_DEBUG_INFO = YES;
				ONLY_ACTIVE_ARCH = YES;
				SDKROOT = iphoneos;
			};
			name = Debug;
		};
		4F23F1301C9A82A7002DF03F /* Release */ = {
			isa = XCBuildConfiguration;
			buildSettings = {
				ALWAYS_SEARCH_USER_PATHS = NO;
				CLANG_CXX_LANGUAGE_STANDARD = "gnu++0x";
				CLANG_CXX_LIBRARY = "libc++";
				CLANG_ENABLE_MODULES = YES;
				CLANG_ENABLE_OBJC_ARC = YES;
				CLANG_WARN_BOOL_CONVERSION = YES;
				CLANG_WARN_CONSTANT_CONVERSION = YES;
				CLANG_WARN_DIRECT_OBJC_ISA_USAGE = YES_ERROR;
				CLANG_WARN_EMPTY_BODY = YES;
				CLANG_WARN_ENUM_CONVERSION = YES;
				CLANG_WARN_INT_CONVERSION = YES;
				CLANG_WARN_OBJC_ROOT_CLASS = YES_ERROR;
				CLANG_WARN_UNREACHABLE_CODE = YES;
				CLANG_WARN__DUPLICATE_METHOD_MATCH = YES;
				"CODE_SIGN_IDENTITY[sdk=iphoneos*]" = "iPhone Developer";
				COPY_PHASE_STRIP = NO;
				DEBUG_INFORMATION_FORMAT = "dwarf-with-dsym";
				ENABLE_NS_ASSERTIONS = NO;
				ENABLE_STRICT_OBJC_MSGSEND = YES;
				GCC_C_LANGUAGE_STANDARD = gnu99;
				GCC_NO_COMMON_BLOCKS = YES;
				GCC_WARN_64_TO_32_BIT_CONVERSION = YES;
				GCC_WARN_ABOUT_RETURN_TYPE = YES_ERROR;
				GCC_WARN_UNDECLARED_SELECTOR = YES;
				GCC_WARN_UNINITIALIZED_AUTOS = YES_AGGRESSIVE;
				GCC_WARN_UNUSED_FUNCTION = YES;
				GCC_WARN_UNUSED_VARIABLE = YES;
				IPHONEOS_DEPLOYMENT_TARGET = 9.2;
				MTL_ENABLE_DEBUG_INFO = NO;
				SDKROOT = iphoneos;
				VALIDATE_PRODUCT = YES;
			};
			name = Release;
		};
		4F23F1321C9A82A7002DF03F /* Debug */ = {
			isa = XCBuildConfiguration;
			buildSettings = {
				ASSETCATALOG_COMPILER_APPICON_NAME = AppIcon;
				INFOPLIST_FILE = "WKWebviewDemo(OC)/Info.plist";
				LD_RUNPATH_SEARCH_PATHS = "$(inherited) @executable_path/Frameworks";
				PRODUCT_BUNDLE_IDENTIFIER = "com.jason.WKWebviewDemo-OC-";
				PRODUCT_NAME = "$(TARGET_NAME)";
			};
			name = Debug;
		};
		4F23F1331C9A82A7002DF03F /* Release */ = {
			isa = XCBuildConfiguration;
			buildSettings = {
				ASSETCATALOG_COMPILER_APPICON_NAME = AppIcon;
				INFOPLIST_FILE = "WKWebviewDemo(OC)/Info.plist";
				LD_RUNPATH_SEARCH_PATHS = "$(inherited) @executable_path/Frameworks";
				PRODUCT_BUNDLE_IDENTIFIER = "com.jason.WKWebviewDemo-OC-";
				PRODUCT_NAME = "$(TARGET_NAME)";
			};
			name = Release;
		};
		4F23F1351C9A82A7002DF03F /* Debug */ = {
			isa = XCBuildConfiguration;
			buildSettings = {
				BUNDLE_LOADER = "$(TEST_HOST)";
				INFOPLIST_FILE = "WKWebviewDemo(OC)Tests/Info.plist";
				LD_RUNPATH_SEARCH_PATHS = "$(inherited) @executable_path/Frameworks @loader_path/Frameworks";
				PRODUCT_BUNDLE_IDENTIFIER = "com.jason.WKWebviewDemo-OC-Tests";
				PRODUCT_NAME = "$(TARGET_NAME)";
				TEST_HOST = "$(BUILT_PRODUCTS_DIR)/WKWebviewDemo(OC).app/WKWebviewDemo(OC)";
			};
			name = Debug;
		};
		4F23F1361C9A82A7002DF03F /* Release */ = {
			isa = XCBuildConfiguration;
			buildSettings = {
				BUNDLE_LOADER = "$(TEST_HOST)";
				INFOPLIST_FILE = "WKWebviewDemo(OC)Tests/Info.plist";
				LD_RUNPATH_SEARCH_PATHS = "$(inherited) @executable_path/Frameworks @loader_path/Frameworks";
				PRODUCT_BUNDLE_IDENTIFIER = "com.jason.WKWebviewDemo-OC-Tests";
				PRODUCT_NAME = "$(TARGET_NAME)";
				TEST_HOST = "$(BUILT_PRODUCTS_DIR)/WKWebviewDemo(OC).app/WKWebviewDemo(OC)";
			};
			name = Release;
		};
		4F23F1381C9A82A7002DF03F /* Debug */ = {
			isa = XCBuildConfiguration;
			buildSettings = {
				INFOPLIST_FILE = "WKWebviewDemo(OC)UITests/Info.plist";
				LD_RUNPATH_SEARCH_PATHS = "$(inherited) @executable_path/Frameworks @loader_path/Frameworks";
				PRODUCT_BUNDLE_IDENTIFIER = "com.jason.WKWebviewDemo-OC-UITests";
				PRODUCT_NAME = "$(TARGET_NAME)";
				TEST_TARGET_NAME = "WKWebviewDemo(OC)";
				USES_XCTRUNNER = YES;
			};
			name = Debug;
		};
		4F23F1391C9A82A7002DF03F /* Release */ = {
			isa = XCBuildConfiguration;
			buildSettings = {
				INFOPLIST_FILE = "WKWebviewDemo(OC)UITests/Info.plist";
				LD_RUNPATH_SEARCH_PATHS = "$(inherited) @executable_path/Frameworks @loader_path/Frameworks";
				PRODUCT_BUNDLE_IDENTIFIER = "com.jason.WKWebviewDemo-OC-UITests";
				PRODUCT_NAME = "$(TARGET_NAME)";
				TEST_TARGET_NAME = "WKWebviewDemo(OC)";
				USES_XCTRUNNER = YES;
			};
			name = Release;
		};
/* End XCBuildConfiguration section */

/* Begin XCConfigurationList section */
		4F23F0FF1C9A82A7002DF03F /* Build configuration list for PBXProject "WKWebviewDemo(OC)" */ = {
			isa = XCConfigurationList;
			buildConfigurations = (
				4F23F12F1C9A82A7002DF03F /* Debug */,
				4F23F1301C9A82A7002DF03F /* Release */,
			);
			defaultConfigurationIsVisible = 0;
			defaultConfigurationName = Release;
		};
		4F23F1311C9A82A7002DF03F /* Build configuration list for PBXNativeTarget "WKWebviewDemo(OC)" */ = {
			isa = XCConfigurationList;
			buildConfigurations = (
				4F23F1321C9A82A7002DF03F /* Debug */,
				4F23F1331C9A82A7002DF03F /* Release */,
			);
			defaultConfigurationIsVisible = 0;
			defaultConfigurationName = Release;
		};
		4F23F1341C9A82A7002DF03F /* Build configuration list for PBXNativeTarget "WKWebviewDemo(OC)Tests" */ = {
			isa = XCConfigurationList;
			buildConfigurations = (
				4F23F1351C9A82A7002DF03F /* Debug */,
				4F23F1361C9A82A7002DF03F /* Release */,
			);
			defaultConfigurationIsVisible = 0;
			defaultConfigurationName = Release;
		};
		4F23F1371C9A82A7002DF03F /* Build configuration list for PBXNativeTarget "WKWebviewDemo(OC)UITests" */ = {
			isa = XCConfigurationList;
			buildConfigurations = (
				4F23F1381C9A82A7002DF03F /* Debug */,
				4F23F1391C9A82A7002DF03F /* Release */,
			);
			defaultConfigurationIsVisible = 0;
			defaultConfigurationName = Release;
		};
/* End XCConfigurationList section */
	};
	rootObject = 4F23F0FC1C9A82A7002DF03F /* Project object */;
}
