// !$*UTF8*$!
{
	archiveVersion = 1;
	classes = {
	};
	objectVersion = 46;
	objects = {

/* Begin PBXBuildFile section */
		2281A9BB1BD7672900A55024 /* MQLResumeManager.m in Sources */ = {isa = PBXBuildFile; fileRef = 2281A9BA1BD7672900A55024 /* MQLResumeManager.m */; settings = {ASSET_TAGS = (); }; };
		2281AC641BC8B5E500761400 /* main.m in Sources */ = {isa = PBXBuildFile; fileRef = 2281AC631BC8B5E500761400 /* main.m */; };
		2281AC671BC8B5E500761400 /* AppDelegate.m in Sources */ = {isa = PBXBuildFile; fileRef = 2281AC661BC8B5E500761400 /* AppDelegate.m */; };
		2281AC6A1BC8B5E500761400 /* ViewController.m in Sources */ = {isa = PBXBuildFile; fileRef = 2281AC691BC8B5E500761400 /* ViewController.m */; };
		2281AC6D1BC8B5E500761400 /* Main.storyboard in Resources */ = {isa = PBXBuildFile; fileRef = 2281AC6B1BC8B5E500761400 /* Main.storyboard */; };
		2281AC6F1BC8B5E500761400 /* Assets.xcassets in Resources */ = {isa = PBXBuildFile; fileRef = 2281AC6E1BC8B5E500761400 /* Assets.xcassets */; };
		2281AC721BC8B5E500761400 /* LaunchScreen.storyboard in Resources */ = {isa = PBXBuildFile; fileRef = 2281AC701BC8B5E500761400 /* LaunchScreen.storyboard */; };
/* End PBXBuildFile section */

/* Begin PBXFileReference section */
		2281A9B91BD7672900A55024 /* MQLResumeManager.h */ = {isa = PBXFileReference; fileEncoding = 4; lastKnownFileType = sourcecode.c.h; path = MQLResumeManager.h; sourceTree = "<group>"; };
		2281A9BA1BD7672900A55024 /* MQLResumeManager.m */ = {isa = PBXFileReference; fileEncoding = 4; lastKnownFileType = sourcecode.c.objc; path = MQLResumeManager.m; sourceTree = "<group>"; };
		2281AC5F1BC8B5E500761400 /* 断点续传.app */ = {isa = PBXFileReference; explicitFileType = wrapper.application; includeInIndex = 0; path = "断点续传.app"; sourceTree = BUILT_PRODUCTS_DIR; };
		2281AC631BC8B5E500761400 /* main.m */ = {isa = PBXFileReference; lastKnownFileType = sourcecode.c.objc; path = main.m; sourceTree = "<group>"; };
		2281AC651BC8B5E500761400 /* AppDelegate.h */ = {isa = PBXFileReference; lastKnownFileType = sourcecode.c.h; path = AppDelegate.h; sourceTree = "<group>"; };
		2281AC661BC8B5E500761400 /* AppDelegate.m */ = {isa = PBXFileReference; lastKnownFileType = sourcecode.c.objc; path = AppDelegate.m; sourceTree = "<group>"; };
		2281AC681BC8B5E500761400 /* ViewController.h */ = {isa = PBXFileReference; lastKnownFileType = sourcecode.c.h; path = ViewController.h; sourceTree = "<group>"; };
		2281AC691BC8B5E500761400 /* ViewController.m */ = {isa = PBXFileReference; lastKnownFileType = sourcecode.c.objc; path = ViewController.m; sourceTree = "<group>"; };
		2281AC6C1BC8B5E500761400 /* Base */ = {isa = PBXFileReference; lastKnownFileType = file.storyboard; name = Base; path = Base.lproj/Main.storyboard; sourceTree = "<group>"; };
		2281AC6E1BC8B5E500761400 /* Assets.xcassets */ = {isa = PBXFileReference; lastKnownFileType = folder.assetcatalog; path = Assets.xcassets; sourceTree = "<group>"; };
		2281AC711BC8B5E500761400 /* Base */ = {isa = PBXFileReference; lastKnownFileType = file.storyboard; name = Base; path = Base.lproj/LaunchScreen.storyboard; sourceTree = "<group>"; };
		2281AC731BC8B5E500761400 /* Info.plist */ = {isa = PBXFileReference; lastKnownFileType = text.plist.xml; path = Info.plist; sourceTree = "<group>"; };
/* End PBXFileReference section */

/* Begin PBXFrameworksBuildPhase section */
		2281AC5C1BC8B5E500761400 /* Frameworks */ = {
			isa = PBXFrameworksBuildPhase;
			buildActionMask = 2147483647;
			files = (
			);
			runOnlyForDeploymentPostprocessing = 0;
		};
/* End PBXFrameworksBuildPhase section */

/* Begin PBXGroup section */
		2281A9B81BD7672900A55024 /* ResumeManager */ = {
			isa = PBXGroup;
			children = (
				2281A9B91BD7672900A55024 /* MQLResumeManager.h */,
				2281A9BA1BD7672900A55024 /* MQLResumeManager.m */,
			);
			path = ResumeManager;
			sourceTree = "<group>";
		};
		2281AC561BC8B5E500761400 = {
			isa = PBXGroup;
			children = (
				2281A9B81BD7672900A55024 /* ResumeManager */,
				2281AC611BC8B5E500761400 /* URLSessionTest */,
				2281AC601BC8B5E500761400 /* Products */,
			);
			sourceTree = "<group>";
		};
		2281AC601BC8B5E500761400 /* Products */ = {
			isa = PBXGroup;
			children = (
				2281AC5F1BC8B5E500761400 /* 断点续传.app */,
			);
			name = Products;
			sourceTree = "<group>";
		};
		2281AC611BC8B5E500761400 /* URLSessionTest */ = {
			isa = PBXGroup;
			children = (
				2281AC651BC8B5E500761400 /* AppDelegate.h */,
				2281AC661BC8B5E500761400 /* AppDelegate.m */,
				2281AC681BC8B5E500761400 /* ViewController.h */,
				2281AC691BC8B5E500761400 /* ViewController.m */,
				2281AC6B1BC8B5E500761400 /* Main.storyboard */,
				2281AC6E1BC8B5E500761400 /* Assets.xcassets */,
				2281AC701BC8B5E500761400 /* LaunchScreen.storyboard */,
				2281AC731BC8B5E500761400 /* Info.plist */,
				2281AC621BC8B5E500761400 /* Supporting Files */,
			);
			path = URLSessionTest;
			sourceTree = "<group>";
		};
		2281AC621BC8B5E500761400 /* Supporting Files */ = {
			isa = PBXGroup;
			children = (
				2281AC631BC8B5E500761400 /* main.m */,
			);
			name = "Supporting Files";
			sourceTree = "<group>";
		};
/* End PBXGroup section */

/* Begin PBXNativeTarget section */
		2281AC5E1BC8B5E500761400 /* URLSessionTest */ = {
			isa = PBXNativeTarget;
			buildConfigurationList = 2281AC761BC8B5E500761400 /* Build configuration list for PBXNativeTarget "URLSessionTest" */;
			buildPhases = (
				2281AC5B1BC8B5E500761400 /* Sources */,
				2281AC5C1BC8B5E500761400 /* Frameworks */,
				2281AC5D1BC8B5E500761400 /* Resources */,
			);
			buildRules = (
			);
			dependencies = (
			);
			name = URLSessionTest;
			productName = URLSessionTest;
			productReference = 2281AC5F1BC8B5E500761400 /* 断点续传.app */;
			productType = "com.apple.product-type.application";
		};
/* End PBXNativeTarget section */

/* Begin PBXProject section */
		2281AC571BC8B5E500761400 /* Project object */ = {
			isa = PBXProject;
			attributes = {
				LastUpgradeCheck = 0700;
				ORGANIZATIONNAME = MQL;
				TargetAttributes = {
					2281AC5E1BC8B5E500761400 = {
						CreatedOnToolsVersion = 7.0.1;
					};
				};
			};
			buildConfigurationList = 2281AC5A1BC8B5E500761400 /* Build configuration list for PBXProject "URLSessionTest" */;
			compatibilityVersion = "Xcode 3.2";
			developmentRegion = English;
			hasScannedForEncodings = 0;
			knownRegions = (
				en,
				Base,
			);
			mainGroup = 2281AC561BC8B5E500761400;
			productRefGroup = 2281AC601BC8B5E500761400 /* Products */;
			projectDirPath = "";
			projectRoot = "";
			targets = (
				2281AC5E1BC8B5E500761400 /* URLSessionTest */,
			);
		};
/* End PBXProject section */

/* Begin PBXResourcesBuildPhase section */
		2281AC5D1BC8B5E500761400 /* Resources */ = {
			isa = PBXResourcesBuildPhase;
			buildActionMask = 2147483647;
			files = (
				2281AC721BC8B5E500761400 /* LaunchScreen.storyboard in Resources */,
				2281AC6F1BC8B5E500761400 /* Assets.xcassets in Resources */,
				2281AC6D1BC8B5E500761400 /* Main.storyboard in Resources */,
			);
			runOnlyForDeploymentPostprocessing = 0;
		};
/* End PBXResourcesBuildPhase section */

/* Begin PBXSourcesBuildPhase section */
		2281AC5B1BC8B5E500761400 /* Sources */ = {
			isa = PBXSourcesBuildPhase;
			buildActionMask = 2147483647;
			files = (
				2281AC6A1BC8B5E500761400 /* ViewController.m in Sources */,
				2281AC671BC8B5E500761400 /* AppDelegate.m in Sources */,
				2281AC641BC8B5E500761400 /* main.m in Sources */,
				2281A9BB1BD7672900A55024 /* MQLResumeManager.m in Sources */,
			);
			runOnlyForDeploymentPostprocessing = 0;
		};
/* End PBXSourcesBuildPhase section */

/* Begin PBXVariantGroup section */
		2281AC6B1BC8B5E500761400 /* Main.storyboard */ = {
			isa = PBXVariantGroup;
			children = (
				2281AC6C1BC8B5E500761400 /* Base */,
			);
			name = Main.storyboard;
			sourceTree = "<group>";
		};
		2281AC701BC8B5E500761400 /* LaunchScreen.storyboard */ = {
			isa = PBXVariantGroup;
			children = (
				2281AC711BC8B5E500761400 /* Base */,
			);
			name = LaunchScreen.storyboard;
			sourceTree = "<group>";
		};
/* End PBXVariantGroup section */

/* Begin XCBuildConfiguration section */
		2281AC741BC8B5E500761400 /* Debug */ = {
			isa = XCBuildConfiguration;
			buildSettings = {
				ALWAYS_SEARCH_USER_PATHS = NO;
				CLANG_CXX_LANGUAGE_STANDARD = "gnu++0x";
				CLANG_CXX_LIBRARY = "libc++";
				CLANG_ENABLE_MODULES = YES;
				CLANG_ENABLE_OBJC_ARC = YES;
				CLANG_WARN_BOOL_CONVERSION = YES;
				CLANG_WARN_CONSTANT_CONVERSION = YES;
				CLANG_WARN_DIRECT_OBJC_ISA_USAGE = YES_ERROR;
				CLANG_WARN_EMPTY_BODY = YES;
				CLANG_WARN_ENUM_CONVERSION = YES;
				CLANG_WARN_INT_CONVERSION = YES;
				CLANG_WARN_OBJC_ROOT_CLASS = YES_ERROR;
				CLANG_WARN_UNREACHABLE_CODE = YES;
				CLANG_WARN__DUPLICATE_METHOD_MATCH = YES;
				"CODE_SIGN_IDENTITY[sdk=iphoneos*]" = "iPhone Developer";
				COPY_PHASE_STRIP = NO;
				DEBUG_INFORMATION_FORMAT = dwarf;
				ENABLE_STRICT_OBJC_MSGSEND = YES;
				ENABLE_TESTABILITY = YES;
				GCC_C_LANGUAGE_STANDARD = gnu99;
				GCC_DYNAMIC_NO_PIC = NO;
				GCC_NO_COMMON_BLOCKS = YES;
				GCC_OPTIMIZATION_LEVEL = 0;
				GCC_PREPROCESSOR_DEFINITIONS = (
					"DEBUG=1",
					"$(inherited)",
				);
				GCC_WARN_64_TO_32_BIT_CONVERSION = YES;
				GCC_WARN_ABOUT_RETURN_TYPE = YES_ERROR;
				GCC_WARN_UNDECLARED_SELECTOR = YES;
				GCC_WARN_UNINITIALIZED_AUTOS = YES_AGGRESSIVE;
				GCC_WARN_UNUSED_FUNCTION = YES;
				GCC_WARN_UNUSED_VARIABLE = YES;
				IPHONEOS_DEPLOYMENT_TARGET = 9.0;
				MTL_ENABLE_DEBUG_INFO = YES;
				ONLY_ACTIVE_ARCH = YES;
				SDKROOT = iphoneos;
			};
			name = Debug;
		};
		2281AC751BC8B5E500761400 /* Release */ = {
			isa = XCBuildConfiguration;
			buildSettings = {
				ALWAYS_SEARCH_USER_PATHS = NO;
				CLANG_CXX_LANGUAGE_STANDARD = "gnu++0x";
				CLANG_CXX_LIBRARY = "libc++";
				CLANG_ENABLE_MODULES = YES;
				CLANG_ENABLE_OBJC_ARC = YES;
				CLANG_WARN_BOOL_CONVERSION = YES;
				CLANG_WARN_CONSTANT_CONVERSION = YES;
				CLANG_WARN_DIRECT_OBJC_ISA_USAGE = YES_ERROR;
				CLANG_WARN_EMPTY_BODY = YES;
				CLANG_WARN_ENUM_CONVERSION = YES;
				CLANG_WARN_INT_CONVERSION = YES;
				CLANG_WARN_OBJC_ROOT_CLASS = YES_ERROR;
				CLANG_WARN_UNREACHABLE_CODE = YES;
				CLANG_WARN__DUPLICATE_METHOD_MATCH = YES;
				"CODE_SIGN_IDENTITY[sdk=iphoneos*]" = "iPhone Developer";
				COPY_PHASE_STRIP = NO;
				DEBUG_INFORMATION_FORMAT = "dwarf-with-dsym";
				ENABLE_NS_ASSERTIONS = NO;
				ENABLE_STRICT_OBJC_MSGSEND = YES;
				GCC_C_LANGUAGE_STANDARD = gnu99;
				GCC_NO_COMMON_BLOCKS = YES;
				GCC_WARN_64_TO_32_BIT_CONVERSION = YES;
				GCC_WARN_ABOUT_RETURN_TYPE = YES_ERROR;
				GCC_WARN_UNDECLARED_SELECTOR = YES;
				GCC_WARN_UNINITIALIZED_AUTOS = YES_AGGRESSIVE;
				GCC_WARN_UNUSED_FUNCTION = YES;
				GCC_WARN_UNUSED_VARIABLE = YES;
				IPHONEOS_DEPLOYMENT_TARGET = 9.0;
				MTL_ENABLE_DEBUG_INFO = NO;
				SDKROOT = iphoneos;
				VALIDATE_PRODUCT = YES;
			};
			name = Release;
		};
		2281AC771BC8B5E500761400 /* Debug */ = {
			isa = XCBuildConfiguration;
			buildSettings = {
				ASSETCATALOG_COMPILER_APPICON_NAME = AppIcon;
				INFOPLIST_FILE = URLSessionTest/Info.plist;
				LD_RUNPATH_SEARCH_PATHS = "$(inherited) @executable_path/Frameworks";
				PRODUCT_BUNDLE_IDENTIFIER = com.analysys.URLSessionTest;
				PRODUCT_NAME = "断点续传";
			};
			name = Debug;
		};
		2281AC781BC8B5E500761400 /* Release */ = {
			isa = XCBuildConfiguration;
			buildSettings = {
				ASSETCATALOG_COMPILER_APPICON_NAME = AppIcon;
				INFOPLIST_FILE = URLSessionTest/Info.plist;
				LD_RUNPATH_SEARCH_PATHS = "$(inherited) @executable_path/Frameworks";
				PRODUCT_BUNDLE_IDENTIFIER = com.analysys.URLSessionTest;
				PRODUCT_NAME = "断点续传";
			};
			name = Release;
		};
/* End XCBuildConfiguration section */

/* Begin XCConfigurationList section */
		2281AC5A1BC8B5E500761400 /* Build configuration list for PBXProject "URLSessionTest" */ = {
			isa = XCConfigurationList;
			buildConfigurations = (
				2281AC741BC8B5E500761400 /* Debug */,
				2281AC751BC8B5E500761400 /* Release */,
			);
			defaultConfigurationIsVisible = 0;
			defaultConfigurationName = Release;
		};
		2281AC761BC8B5E500761400 /* Build configuration list for PBXNativeTarget "URLSessionTest" */ = {
			isa = XCConfigurationList;
			buildConfigurations = (
				2281AC771BC8B5E500761400 /* Debug */,
				2281AC781BC8B5E500761400 /* Release */,
			);
			defaultConfigurationIsVisible = 0;
			defaultConfigurationName = Release;
		};
/* End XCConfigurationList section */
	};
	rootObject = 2281AC571BC8B5E500761400 /* Project object */;
}
